# THIS IS AN AUTOGENERATED FILE. DO NOT EDIT THIS FILE DIRECTLY.
# yarn lockfile v1


vue-router@^3.4.3:
  version "3.4.3"
  resolved "https://registry.yarnpkg.com/vue-router/-/vue-router-3.4.3.tgz#fa93768616ee338aa174f160ac965167fa572ffa"
  integrity sha512-BADg1mjGWX18Dpmy6bOGzGNnk7B/ZA0RxuA6qedY/YJwirMfKXIDzcccmHbQI0A6k5PzMdMloc0ElHfyOoX35A==

vue@^2.6.11:
  version "2.6.11"
  resolved "https://registry.yarnpkg.com/vue/-/vue-2.6.11.tgz#76594d877d4b12234406e84e35275c6d514125c5"
  integrity sha512-VfPwgcGABbGAue9+sfrD4PuwFar7gPb1yl1UK1MwXoQPAw0BKSqWfoYCT/ThFrdEVWoI51dBuyCoiNU9bZDZxQ==

vuex@^3.4.0:
  version "3.4.0"
  resolved "https://registry.yarnpkg.com/vuex/-/vuex-3.4.0.tgz#20cc086062d750769fce1febb34e7fceeaebde45"
  integrity sha512-ajtqwEW/QhnrBZQsZxCLHThZZaa+Db45c92Asf46ZDXu6uHXgbfVuBaJ4gzD2r4UX0oMJHstFwd2r2HM4l8umg==
